<?xml version="1.0" encoding="utf-8"?>
<Project ToolsVersion="4.0" xmlns="http://schemas.microsoft.com/developer/msbuild/2003">
  <ItemGroup>
    <ClCompile Include="Area.cpp">
      <Filter>Source Files</Filter>
    </ClCompile>
    <ClCompile Include="AssemblyInfo.cpp">
      <Filter>Source Files</Filter>
    </ClCompile>
    <ClCompile Include="Booster.cpp">
      <Filter>Source Files</Filter>
    </ClCompile>
    <ClCompile Include="Character.cpp">
      <Filter>Source Files</Filter>
    </ClCompile>
    <ClCompile Include="Charge.cpp">
      <Filter>Source Files</Filter>
    </ClCompile>
    <ClCompile Include="ControlTower.cpp">
      <Filter>Source Files</Filter>
    </ClCompile>
    <ClCompile Include="DamagePattern.cpp">
      <Filter>Source Files</Filter>
    </ClCompile>
    <ClCompile Include="Drone.cpp">
      <Filter>Source Files</Filter>
    </ClCompile>
    <ClCompile Include="Engine.cpp">
      <Filter>Source Files</Filter>
    </ClCompile>
    <ClCompile Include="eufenet.cpp">
      <Filter>Source Files</Filter>
    </ClCompile>
    <ClCompile Include="Gang.cpp">
      <Filter>Source Files</Filter>
    </ClCompile>
    <ClCompile Include="HitPoints.cpp">
      <Filter>Source Files</Filter>
    </ClCompile>
    <ClCompile Include="Implant.cpp">
      <Filter>Source Files</Filter>
    </ClCompile>
    <ClCompile Include="Item.cpp">
      <Filter>Source Files</Filter>
    </ClCompile>
    <ClCompile Include="ItemAttribute.cpp">
      <Filter>Source Files</Filter>
    </ClCompile>
    <ClCompile Include="Module.cpp">
      <Filter>Source Files</Filter>
    </ClCompile>
    <ClCompile Include="Resistances.cpp">
      <Filter>Source Files</Filter>
    </ClCompile>
    <ClCompile Include="Ship.cpp">
      <Filter>Source Files</Filter>
    </ClCompile>
    <ClCompile Include="Skill.cpp">
      <Filter>Source Files</Filter>
    </ClCompile>
    <ClCompile Include="SqlConnector.cpp">
      <Filter>Source Files</Filter>
    </ClCompile>
    <ClCompile Include="SqliteConnector.cpp">
      <Filter>Source Files</Filter>
    </ClCompile>
    <ClCompile Include="Stdafx.cpp">
      <Filter>Source Files</Filter>
    </ClCompile>
    <ClCompile Include="Structure.cpp">
      <Filter>Source Files</Filter>
    </ClCompile>
    <ClCompile Include="Tank.cpp">
      <Filter>Source Files</Filter>
    </ClCompile>
  </ItemGroup>
  <ItemGroup>
    <ClInclude Include="..\eufe\eufe\Area.h">
      <Filter>eufe</Filter>
    </ClInclude>
    <ClInclude Include="..\eufe\eufe\Booster.h">
      <Filter>eufe</Filter>
    </ClInclude>
    <ClInclude Include="..\eufe\eufe\CapacitorSimulator.h">
      <Filter>eufe</Filter>
    </ClInclude>
    <ClInclude Include="..\eufe\eufe\Character.h">
      <Filter>eufe</Filter>
    </ClInclude>
    <ClInclude Include="..\eufe\eufe\Charge.h">
      <Filter>eufe</Filter>
    </ClInclude>
    <ClInclude Include="..\eufe\eufe\ControlTower.h">
      <Filter>eufe</Filter>
    </ClInclude>
    <ClInclude Include="..\eufe\eufe\DamagePattern.h">
      <Filter>eufe</Filter>
    </ClInclude>
    <ClInclude Include="..\eufe\eufe\Drone.h">
      <Filter>eufe</Filter>
    </ClInclude>
    <ClInclude Include="..\eufe\eufe\Effect.h">
      <Filter>eufe</Filter>
    </ClInclude>
    <ClInclude Include="..\eufe\eufe\EffectAdaptiveArmorHardener.h">
      <Filter>eufe</Filter>
    </ClInclude>
    <ClInclude Include="..\eufe\eufe\EffectArmorRepairInterpreter.h">
      <Filter>eufe</Filter>
    </ClInclude>
    <ClInclude Include="..\eufe\eufe\EffectByteCodeInterpreter.h">
      <Filter>eufe</Filter>
    </ClInclude>
    <ClInclude Include="..\eufe\eufe\EffectEnergyDestabilizationNewInterpreter.h">
      <Filter>eufe</Filter>
    </ClInclude>
    <ClInclude Include="..\eufe\eufe\EffectEnergyTransferInterpreter.h">
      <Filter>eufe</Filter>
    </ClInclude>
    <ClInclude Include="..\eufe\eufe\EffectHardPointModifierEffectInterpreter.h">
      <Filter>eufe</Filter>
    </ClInclude>
    <ClInclude Include="..\eufe\eufe\EffectHullRepairInterpreter.h">
      <Filter>eufe</Filter>
    </ClInclude>
    <ClInclude Include="..\eufe\eufe\EffectInterpreter.h">
      <Filter>eufe</Filter>
    </ClInclude>
    <ClInclude Include="..\eufe\eufe\EffectLeechInterpreter.h">
      <Filter>eufe</Filter>
    </ClInclude>
    <ClInclude Include="..\eufe\eufe\EffectShieldBoostingInterpreter.h">
      <Filter>eufe</Filter>
    </ClInclude>
    <ClInclude Include="..\eufe\eufe\EffectSlotModifierInterpreter.h">
      <Filter>eufe</Filter>
    </ClInclude>
    <ClInclude Include="..\eufe\eufe\Engine.h">
      <Filter>eufe</Filter>
    </ClInclude>
    <ClInclude Include="..\eufe\eufe\eufe.h">
      <Filter>eufe</Filter>
    </ClInclude>
    <ClInclude Include="..\eufe\eufe\Gang.h">
      <Filter>eufe</Filter>
    </ClInclude>
    <ClInclude Include="..\eufe\eufe\FetchResult.h">
      <Filter>eufe</Filter>
    </ClInclude>
    <ClInclude Include="..\eufe\eufe\HeatSimulator.h">
      <Filter>eufe</Filter>
    </ClInclude>
    <ClInclude Include="..\eufe\eufe\Implant.h">
      <Filter>eufe</Filter>
    </ClInclude>
    <ClInclude Include="..\eufe\eufe\Item.h">
      <Filter>eufe</Filter>
    </ClInclude>
    <ClInclude Include="..\eufe\eufe\LocationRequiredSkillModifier.h">
      <Filter>eufe</Filter>
    </ClInclude>
    <ClInclude Include="..\eufe\eufe\LocationGroupModifier.h">
      <Filter>eufe</Filter>
    </ClInclude>
    <ClInclude Include="..\eufe\eufe\Module.h">
      <Filter>eufe</Filter>
    </ClInclude>
    <ClInclude Include="..\eufe\eufe\Modifier.h">
      <Filter>eufe</Filter>
    </ClInclude>
    <ClInclude Include="..\eufe\eufe\Ship.h">
      <Filter>eufe</Filter>
    </ClInclude>
    <ClInclude Include="..\eufe\eufe\Skill.h">
      <Filter>eufe</Filter>
    </ClInclude>
    <ClInclude Include="..\eufe\eufe\SqlConnector.h">
      <Filter>eufe</Filter>
    </ClInclude>
    <ClInclude Include="..\eufe\eufe\SqliteConnector.h">
      <Filter>eufe</Filter>
    </ClInclude>
    <ClInclude Include="Area.h">
      <Filter>Header Files</Filter>
    </ClInclude>
    <ClInclude Include="Booster.h">
      <Filter>Header Files</Filter>
    </ClInclude>
    <ClInclude Include="Character.h">
      <Filter>Header Files</Filter>
    </ClInclude>
    <ClInclude Include="Charge.h">
      <Filter>Header Files</Filter>
    </ClInclude>
    <ClInclude Include="ControlTower.h">
      <Filter>Header Files</Filter>
    </ClInclude>
    <ClInclude Include="DamagePattern.h">
      <Filter>Header Files</Filter>
    </ClInclude>
    <ClInclude Include="Drone.h">
      <Filter>Header Files</Filter>
    </ClInclude>
    <ClInclude Include="Engine.h">
      <Filter>Header Files</Filter>
    </ClInclude>
    <ClInclude Include="eufenet.h">
      <Filter>Header Files</Filter>
    </ClInclude>
    <ClInclude Include="Gang.h">
      <Filter>Header Files</Filter>
    </ClInclude>
    <ClInclude Include="..\eufe\eufe\Structure.h">
      <Filter>eufe</Filter>
    </ClInclude>
    <ClInclude Include="..\eufe\eufe\SqliteFetchResult.h">
      <Filter>eufe</Filter>
    </ClInclude>
    <ClInclude Include="..\eufe\eufe\types.h">
      <Filter>eufe</Filter>
    </ClInclude>
    <ClInclude Include="HitPoints.h">
      <Filter>Header Files</Filter>
    </ClInclude>
    <ClInclude Include="Implant.h">
      <Filter>Header Files</Filter>
    </ClInclude>
    <ClInclude Include="Item.h">
      <Filter>Header Files</Filter>
    </ClInclude>
    <ClInclude Include="ItemAttribute.h">
      <Filter>Header Files</Filter>
    </ClInclude>
    <ClInclude Include="Module.h">
      <Filter>Header Files</Filter>
    </ClInclude>
    <ClInclude Include="Resistances.h">
      <Filter>Header Files</Filter>
    </ClInclude>
    <ClInclude Include="resource.h">
      <Filter>Header Files</Filter>
    </ClInclude>
    <ClInclude Include="Ship.h">
      <Filter>Header Files</Filter>
    </ClInclude>
    <ClInclude Include="Skill.h">
      <Filter>Header Files</Filter>
    </ClInclude>
    <ClInclude Include="SqlConnector.h">
      <Filter>Header Files</Filter>
    </ClInclude>
    <ClInclude Include="SqliteConnector.h">
      <Filter>Header Files</Filter>
    </ClInclude>
    <ClInclude Include="Stdafx.h">
      <Filter>Header Files</Filter>
    </ClInclude>
    <ClInclude Include="Structure.h">
      <Filter>Header Files</Filter>
    </ClInclude>
    <ClInclude Include="Tank.h">
      <Filter>Header Files</Filter>
    </ClInclude>
    <ClInclude Include="types.h">
      <Filter>Header Files</Filter>
    </ClInclude>
    <ClInclude Include="..\eufe\eufe\Blob.h">
      <Filter>eufe</Filter>
    </ClInclude>
    <ClInclude Include="..\eufe\eufe\Attribute.h">
      <Filter>eufe</Filter>
    </ClInclude>
    <ClInclude Include="..\eufe\eufe\Compiler.h">
      <Filter>eufe</Filter>
    </ClInclude>
    <ClInclude Include="..\eufe\eufe\Mutex.h">
      <Filter>eufe</Filter>
    </ClInclude>
  </ItemGroup>
  <ItemGroup>
    <Text Include="ReadMe.txt" />
  </ItemGroup>
  <ItemGroup>
    <Filter Include="Header Files">
      <UniqueIdentifier>{78ce7f25-f330-4cc5-96f4-56d8465071c6}</UniqueIdentifier>
    </Filter>
    <Filter Include="Resource Files">
      <UniqueIdentifier>{6c464e66-bf4a-4a74-866a-a84ad251fd6b}</UniqueIdentifier>
    </Filter>
    <Filter Include="Source Files">
      <UniqueIdentifier>{18139be6-6009-4dca-94db-12d2be8b814c}</UniqueIdentifier>
    </Filter>
    <Filter Include="eufe">
      <UniqueIdentifier>{c6b66bfb-f282-4d13-9f72-9142b39a1c38}</UniqueIdentifier>
    </Filter>
  </ItemGroup>
  <ItemGroup>
    <Image Include="app.ico">
      <Filter>Resource Files</Filter>
    </Image>
  </ItemGroup>
  <ItemGroup>
    <ResourceCompile Include="app.rc">
      <Filter>Resource Files</Filter>
    </ResourceCompile>
  </ItemGroup>
</Project>