
Microsoft Visual Studio Solution File, Format Version 10.00
# Visual Studio 2008
Project("{8BC9CEB8-8B4A-11D0-8D11-00A0C91BC942}") = "eufenet", "eufenet\eufenet.vcproj", "{565CC1F6-279C-4026-B93E-4D472C649E5F}"
	ProjectSection(ProjectDependencies) = postProject
		{64460821-8B33-4264-B11C-79F5026928FF} = {64460821-8B33-4264-B11C-79F5026928FF}
	EndProjectSection
EndProject
Project("{8BC9CEB8-8B4A-11D0-8D11-00A0C91BC942}") = "libeufe", "eufe\libeufe\libeufe.vcproj", "{64460821-8B33-4264-B11C-79F5026928FF}"
EndProject
Global
	GlobalSection(SolutionConfigurationPlatforms) = preSolution
		Debug|Win32 = Debug|Win32
		Release|Win32 = Release|Win32
	EndGlobalSection
	GlobalSection(ProjectConfigurationPlatforms) = postSolution
		{565CC1F6-279C-4026-B93E-4D472C649E5F}.Debug|Win32.ActiveCfg = Debug|Win32
		{565CC1F6-279C-4026-B93E-4D472C649E5F}.Debug|Win32.Build.0 = Debug|Win32
		{565CC1F6-279C-4026-B93E-4D472C649E5F}.Release|Win32.ActiveCfg = Release|Win32
		{565CC1F6-279C-4026-B93E-4D472C649E5F}.Release|Win32.Build.0 = Release|Win32
		{64460821-8B33-4264-B11C-79F5026928FF}.Debug|Win32.ActiveCfg = Debug|Win32
		{64460821-8B33-4264-B11C-79F5026928FF}.Debug|Win32.Build.0 = Debug|Win32
		{64460821-8B33-4264-B11C-79F5026928FF}.Release|Win32.ActiveCfg = Release|Win32
		{64460821-8B33-4264-B11C-79F5026928FF}.Release|Win32.Build.0 = Release|Win32
	EndGlobalSection
	GlobalSection(SolutionProperties) = preSolution
		HideSolutionNode = FALSE
	EndGlobalSection
EndGlobal
